
Microsoft Visual Studio Solution File, Format Version 11.00
# Visual Studio 2010
Project("{8BC9CEB8-8B4A-11D0-8D11-00A0C91BC942}") = "DDOCP", "DDOCP\DDOCP.vcxproj", "{5DEC6C63-5553-41BC-A7D4-04AD4455C312}"
	ProjectSection(ProjectDependencies) = postProject
		{29712E18-7E29-A238-3115-340CF28706B3} = {29712E18-7E29-A238-3115-340CF28706B3}
	EndProjectSection
EndProject
Project("{8BC9CEB8-8B4A-11D0-8D11-00A0C91BC942}") = "XmlLib", "XmlLib\Src\XmlLib.vcxproj", "{29712E18-7E29-A238-3115-340CF28706B3}"
EndProject
Global
	GlobalSection(SolutionConfigurationPlatforms) = preSolution
		Debug|Win32 = Debug|Win32
		Release|Win32 = Release|Win32
	EndGlobalSection
	GlobalSection(ProjectConfigurationPlatforms) = postSolution
		{5DEC6C63-5553-41BC-A7D4-04AD4455C312}.Debug|Win32.ActiveCfg = Debug|Win32
		{5DEC6C63-5553-41BC-A7D4-04AD4455C312}.Debug|Win32.Build.0 = Debug|Win32
		{5DEC6C63-5553-41BC-A7D4-04AD4455C312}.Release|Win32.ActiveCfg = Release|Win32
		{5DEC6C63-5553-41BC-A7D4-04AD4455C312}.Release|Win32.Build.0 = Release|Win32
		{29712E18-7E29-A238-3115-340CF28706B3}.Debug|Win32.ActiveCfg = Debug|Win32
		{29712E18-7E29-A238-3115-340CF28706B3}.Debug|Win32.Build.0 = Debug|Win32
		{29712E18-7E29-A238-3115-340CF28706B3}.Release|Win32.ActiveCfg = Release|Win32
		{29712E18-7E29-A238-3115-340CF28706B3}.Release|Win32.Build.0 = Release|Win32
	EndGlobalSection
	GlobalSection(SolutionProperties) = preSolution
		HideSolutionNode = FALSE
	EndGlobalSection
EndGlobal
