
Microsoft Visual Studio Solution File, Format Version 11.00
# Visual Studio 2010
Project("{8BC9CEB8-8B4A-11D0-8D11-00A0C91BC942}") = "DDOCP", "DDOCP\DDOCP.vcxproj", "{5DEC6C63-5553-41BC-A7D4-04AD4455C312}"
	ProjectSection(ProjectDependencies) = postProject
		{8B65D57F-0A32-CCD1-1C58-05ABF9503AAD} = {8B65D57F-0A32-CCD1-1C58-05ABF9503AAD}
	EndProjectSection
EndProject
Project("{8BC9CEB8-8B4A-11D0-8D11-00A0C91BC942}") = "XmlLib", "XmlLib\Src\XmlLib.vcxproj", "{8B65D57F-0A32-CCD1-1C58-05ABF9503AAD}"
EndProject
Global
	GlobalSection(SolutionConfigurationPlatforms) = preSolution
		Debug|Win32 = Debug|Win32
		Release|Win32 = Release|Win32
	EndGlobalSection
	GlobalSection(ProjectConfigurationPlatforms) = postSolution
		{5DEC6C63-5553-41BC-A7D4-04AD4455C312}.Debug|Win32.ActiveCfg = Debug|Win32
		{5DEC6C63-5553-41BC-A7D4-04AD4455C312}.Debug|Win32.Build.0 = Debug|Win32
		{5DEC6C63-5553-41BC-A7D4-04AD4455C312}.Release|Win32.ActiveCfg = Release|Win32
		{5DEC6C63-5553-41BC-A7D4-04AD4455C312}.Release|Win32.Build.0 = Release|Win32
		{8B65D57F-0A32-CCD1-1C58-05ABF9503AAD}.Debug|Win32.ActiveCfg = Debug|Win32
		{8B65D57F-0A32-CCD1-1C58-05ABF9503AAD}.Debug|Win32.Build.0 = Debug|Win32
		{8B65D57F-0A32-CCD1-1C58-05ABF9503AAD}.Release|Win32.ActiveCfg = Release|Win32
		{8B65D57F-0A32-CCD1-1C58-05ABF9503AAD}.Release|Win32.Build.0 = Release|Win32
	EndGlobalSection
	GlobalSection(SolutionProperties) = preSolution
		HideSolutionNode = FALSE
	EndGlobalSection
EndGlobal
