
Microsoft Visual Studio Solution File, Format Version 11.00
# Visual Studio 2010
Project("{8BC9CEB8-8B4A-11D0-8D11-00A0C91BC942}") = "DDOCP", "DDOCP\DDOCP.vcxproj", "{5DEC6C63-5553-41BC-A7D4-04AD4455C312}"
	ProjectSection(ProjectDependencies) = postProject
		{1A0CBD70-0261-CB66-F762-E94F40E872AE} = {1A0CBD70-0261-CB66-F762-E94F40E872AE}
		{D2FD7A96-EEAA-9D03-D302-5432EB7BBE25} = {D2FD7A96-EEAA-9D03-D302-5432EB7BBE25}
		{4627D7B9-BCA4-05EC-F2BA-FB391FBF04E2} = {4627D7B9-BCA4-05EC-F2BA-FB391FBF04E2}
	EndProjectSection
EndProject
Project("{8BC9CEB8-8B4A-11D0-8D11-00A0C91BC942}") = "XmlLib", "Common\Infrastructure\XmlLib\Src\XmlLib.vcxproj", "{1A0CBD70-0261-CB66-F762-E94F40E872AE}"
EndProject
Project("{8BC9CEB8-8B4A-11D0-8D11-00A0C91BC942}") = "InfraLib", "Common\Infrastructure\Infralib\Src\InfraLib.vcxproj", "{D2FD7A96-EEAA-9D03-D302-5432EB7BBE25}"
EndProject
Project("{8BC9CEB8-8B4A-11D0-8D11-00A0C91BC942}") = "CryptLib", "Common\Infrastructure\CryptLib\Src\CryptLib.vcxproj", "{4627D7B9-BCA4-05EC-F2BA-FB391FBF04E2}"
EndProject
Global
	GlobalSection(SolutionConfigurationPlatforms) = preSolution
		Debug|Win32 = Debug|Win32
		Release|Win32 = Release|Win32
	EndGlobalSection
	GlobalSection(ProjectConfigurationPlatforms) = postSolution
		{5DEC6C63-5553-41BC-A7D4-04AD4455C312}.Debug|Win32.ActiveCfg = Debug|Win32
		{5DEC6C63-5553-41BC-A7D4-04AD4455C312}.Debug|Win32.Build.0 = Debug|Win32
		{5DEC6C63-5553-41BC-A7D4-04AD4455C312}.Release|Win32.ActiveCfg = Release|Win32
		{5DEC6C63-5553-41BC-A7D4-04AD4455C312}.Release|Win32.Build.0 = Release|Win32
		{1A0CBD70-0261-CB66-F762-E94F40E872AE}.Debug|Win32.ActiveCfg = Debug|Win32
		{1A0CBD70-0261-CB66-F762-E94F40E872AE}.Debug|Win32.Build.0 = Debug|Win32
		{1A0CBD70-0261-CB66-F762-E94F40E872AE}.Release|Win32.ActiveCfg = Release|Win32
		{1A0CBD70-0261-CB66-F762-E94F40E872AE}.Release|Win32.Build.0 = Release|Win32
		{D2FD7A96-EEAA-9D03-D302-5432EB7BBE25}.Debug|Win32.ActiveCfg = Debug|Win32
		{D2FD7A96-EEAA-9D03-D302-5432EB7BBE25}.Debug|Win32.Build.0 = Debug|Win32
		{D2FD7A96-EEAA-9D03-D302-5432EB7BBE25}.Release|Win32.ActiveCfg = Release|Win32
		{D2FD7A96-EEAA-9D03-D302-5432EB7BBE25}.Release|Win32.Build.0 = Release|Win32
		{4627D7B9-BCA4-05EC-F2BA-FB391FBF04E2}.Debug|Win32.ActiveCfg = Debug|Win32
		{4627D7B9-BCA4-05EC-F2BA-FB391FBF04E2}.Debug|Win32.Build.0 = Debug|Win32
		{4627D7B9-BCA4-05EC-F2BA-FB391FBF04E2}.Release|Win32.ActiveCfg = Release|Win32
		{4627D7B9-BCA4-05EC-F2BA-FB391FBF04E2}.Release|Win32.Build.0 = Release|Win32
	EndGlobalSection
	GlobalSection(SolutionProperties) = preSolution
		HideSolutionNode = FALSE
	EndGlobalSection
EndGlobal
