<?xml version="1.0" encoding="utf-8"?>
<Project ToolsVersion="4.0" xmlns="http://schemas.microsoft.com/developer/msbuild/2003">
  <ItemGroup>
    <Filter Include="Source Files">
      <UniqueIdentifier>{4FC737F1-C7A5-4376-A066-2A32D752A2FF}</UniqueIdentifier>
      <Extensions>cpp;c;cc;cxx;def;odl;idl;hpj;bat;asm;asmx</Extensions>
    </Filter>
    <Filter Include="Header Files">
      <UniqueIdentifier>{93995380-89BD-4b04-88EB-625FBE52EBFB}</UniqueIdentifier>
      <Extensions>h;hpp;hxx;hm;inl;inc;xsd</Extensions>
    </Filter>
    <Filter Include="Resource Files">
      <UniqueIdentifier>{67DA6AB6-F800-4c08-8B7A-83BB121AAD01}</UniqueIdentifier>
      <Extensions>rc;ico;cur;bmp;dlg;rc2;rct;bin;rgs;gif;jpg;jpeg;jpe;resx;tiff;tif;png;wav;mfcribbon-ms</Extensions>
    </Filter>
    <Filter Include="DataLayer">
      <UniqueIdentifier>{b479ca8d-0014-4d32-89a2-600bdbdda85f}</UniqueIdentifier>
    </Filter>
    <Filter Include="Documents">
      <UniqueIdentifier>{b9399685-d310-4e3e-8241-a94c805d3d9d}</UniqueIdentifier>
    </Filter>
    <Filter Include="Data Files">
      <UniqueIdentifier>{5d5cfd23-b0dd-478a-9ac6-a89edd1567e7}</UniqueIdentifier>
    </Filter>
    <Filter Include="Data Files\EnhancementTrees">
      <UniqueIdentifier>{7414acb3-12ea-4b0c-99cf-a853518656f3}</UniqueIdentifier>
    </Filter>
    <Filter Include="DataLayer\Types">
      <UniqueIdentifier>{8ae62e18-a4b4-4e67-a1c3-35bab74622c6}</UniqueIdentifier>
    </Filter>
    <Filter Include="Breakdowns">
      <UniqueIdentifier>{333bfacd-3ff0-4ad4-a399-563f489449da}</UniqueIdentifier>
    </Filter>
    <Filter Include="Views">
      <UniqueIdentifier>{a3ebc306-fe30-4e8b-a8aa-d14b0dacf762}</UniqueIdentifier>
    </Filter>
    <Filter Include="Data Files\EpicDestinyTrees">
      <UniqueIdentifier>{95170153-24c2-4691-b0cc-5d147f3d4b85}</UniqueIdentifier>
    </Filter>
  </ItemGroup>
  <ItemGroup>
    <None Include="ReadMe.txt" />
    <None Include="DDOCP.reg" />
    <None Include="UserImages.bmp">
      <Filter>Resource Files</Filter>
    </None>
    <None Include="res\DDOCP.rc2">
      <Filter>Resource Files</Filter>
    </None>
    <None Include="res\DDOCPDoc.ico">
      <Filter>Resource Files</Filter>
    </None>
    <None Include="res\DDOCP.ico">
      <Filter>Resource Files</Filter>
    </None>
    <None Include="res\Toolbar.bmp">
      <Filter>Resource Files</Filter>
    </None>
    <None Include="res\Toolbar256.bmp">
      <Filter>Resource Files</Filter>
    </None>
    <None Include="..\Feats.txt">
      <Filter>Documents</Filter>
    </None>
    <None Include="..\Output\Feats.xml">
      <Filter>Data Files</Filter>
    </None>
    <None Include="res\MenuIconsToolbar.bmp">
      <Filter>Resource Files</Filter>
    </None>
    <None Include="Things to do.txt" />
    <None Include="..\Output\Enhancements.xml">
      <Filter>Data Files</Filter>
    </None>
    <None Include="..\Output\Spells.xml">
      <Filter>Data Files</Filter>
    </None>
    <None Include="..\Output\EpicDestinies\DivineCrusader.xml">
      <Filter>Data Files\EpicDestinyTrees</Filter>
    </None>
    <None Include="..\Output\EpicDestinies\DraconicIncarnation.xml">
      <Filter>Data Files\EpicDestinyTrees</Filter>
    </None>
    <None Include="..\Output\EpicDestinies\ExaltedAngel.xml">
      <Filter>Data Files\EpicDestinyTrees</Filter>
    </None>
    <None Include="..\Output\EpicDestinies\Fatesinger.xml">
      <Filter>Data Files\EpicDestinyTrees</Filter>
    </None>
    <None Include="..\Output\EpicDestinies\FuryOfTheWild.xml">
      <Filter>Data Files\EpicDestinyTrees</Filter>
    </None>
    <None Include="..\Output\EpicDestinies\GrandmasterOfFlowers.xml">
      <Filter>Data Files\EpicDestinyTrees</Filter>
    </None>
    <None Include="..\Output\EpicDestinies\LegendaryDreadnought.xml">
      <Filter>Data Files\EpicDestinyTrees</Filter>
    </None>
    <None Include="..\Output\EpicDestinies\Magister.xml">
      <Filter>Data Files\EpicDestinyTrees</Filter>
    </None>
    <None Include="..\Output\EpicDestinies\PrimalAvatar.xml">
      <Filter>Data Files\EpicDestinyTrees</Filter>
    </None>
    <None Include="..\Output\EpicDestinies\Shadowdancer.xml">
      <Filter>Data Files\EpicDestinyTrees</Filter>
    </None>
    <None Include="..\Output\EpicDestinies\ShiradiChampion.xml">
      <Filter>Data Files\EpicDestinyTrees</Filter>
    </None>
    <None Include="..\Output\EnhancementTrees\DireThaumaturge.xml">
      <Filter>Data Files\EnhancementTrees</Filter>
    </None>
    <None Include="..\Output\EnhancementTrees\GrimBarricade.xml">
      <Filter>Data Files\EnhancementTrees</Filter>
    </None>
    <None Include="..\Output\EnhancementTrees\DreadAdversary.xml">
      <Filter>Data Files\EnhancementTrees</Filter>
    </None>
    <None Include="..\Output\EnhancementTrees\Dragonborn.xml">
      <Filter>Data Files\EnhancementTrees</Filter>
    </None>
    <None Include="..\Output\EnhancementTrees\Ranger_ArcaneArcher.xml">
      <Filter>Data Files\EnhancementTrees</Filter>
    </None>
    <None Include="..\Output\EnhancementTrees\ShadarKai.xml">
      <Filter>Data Files\EnhancementTrees</Filter>
    </None>
    <None Include="..\Output\EnhancementTrees\PurpleDragonKnight.xml">
      <Filter>Data Files\EnhancementTrees</Filter>
    </None>
    <None Include="..\Output\EnhancementTrees\Morninglord.xml">
      <Filter>Data Files\EnhancementTrees</Filter>
    </None>
    <None Include="..\Output\EnhancementTrees\DeepGnome.xml">
      <Filter>Data Files\EnhancementTrees</Filter>
    </None>
    <None Include="..\Output\EnhancementTrees\Bladeforged.xml">
      <Filter>Data Files\EnhancementTrees</Filter>
    </None>
    <None Include="..\Output\EnhancementTrees\Warforged.xml">
      <Filter>Data Files\EnhancementTrees</Filter>
    </None>
    <None Include="..\Output\EnhancementTrees\Half-Orc.xml">
      <Filter>Data Files\EnhancementTrees</Filter>
    </None>
    <None Include="..\Output\EnhancementTrees\Half-Elf.xml">
      <Filter>Data Files\EnhancementTrees</Filter>
    </None>
    <None Include="..\Output\EnhancementTrees\Halfling.xml">
      <Filter>Data Files\EnhancementTrees</Filter>
    </None>
    <None Include="..\Output\EnhancementTrees\Gnome.xml">
      <Filter>Data Files\EnhancementTrees</Filter>
    </None>
    <None Include="..\Output\EnhancementTrees\Elf.xml">
      <Filter>Data Files\EnhancementTrees</Filter>
    </None>
    <None Include="..\Output\EnhancementTrees\Dwarf.xml">
      <Filter>Data Files\EnhancementTrees</Filter>
    </None>
    <None Include="..\Output\EnhancementTrees\Drow.xml">
      <Filter>Data Files\EnhancementTrees</Filter>
    </None>
    <None Include="..\Output\EnhancementTrees\Wizard_PaleMaster.xml">
      <Filter>Data Files\EnhancementTrees</Filter>
    </None>
    <None Include="..\Output\EnhancementTrees\Wizard_ArchMage.xml">
      <Filter>Data Files\EnhancementTrees</Filter>
    </None>
    <None Include="..\Output\EnhancementTrees\BlankTree.xml">
      <Filter>Data Files\EnhancementTrees</Filter>
    </None>
    <None Include="..\Output\EnhancementTrees\Warlock_TaintedScholar.xml">
      <Filter>Data Files\EnhancementTrees</Filter>
    </None>
    <None Include="..\Output\EnhancementTrees\Warlock_SoulEater.xml">
      <Filter>Data Files\EnhancementTrees</Filter>
    </None>
    <None Include="..\Output\EnhancementTrees\Warlock_EnlightenedSpirit.xml">
      <Filter>Data Files\EnhancementTrees</Filter>
    </None>
    <None Include="..\Output\EnhancementTrees\Paladin_SacredDefender.xml">
      <Filter>Data Files\EnhancementTrees</Filter>
    </None>
    <None Include="..\Output\EnhancementTrees\Paladin_KnightOfTheChalice.xml">
      <Filter>Data Files\EnhancementTrees</Filter>
    </None>
    <None Include="..\Output\EnhancementTrees\Monk_Shintao.xml">
      <Filter>Data Files\EnhancementTrees</Filter>
    </None>
    <None Include="..\Output\EnhancementTrees\Monk_NinjaSpy.xml">
      <Filter>Data Files\EnhancementTrees</Filter>
    </None>
    <None Include="..\Output\EnhancementTrees\Monk_HenshinMystic.xml">
      <Filter>Data Files\EnhancementTrees</Filter>
    </None>
    <None Include="..\Output\EnhancementTrees\Cleric_Warpriest.xml">
      <Filter>Data Files\EnhancementTrees</Filter>
    </None>
    <None Include="..\Output\EnhancementTrees\Cleric_RadiantServant.xml">
      <Filter>Data Files\EnhancementTrees</Filter>
    </None>
    <None Include="..\Output\EnhancementTrees\Sorcerer_AirSavant.xml">
      <Filter>Data Files\EnhancementTrees</Filter>
    </None>
    <None Include="..\Output\EnhancementTrees\Sorcerer_EarthSavant.xml">
      <Filter>Data Files\EnhancementTrees</Filter>
    </None>
    <None Include="..\Output\EnhancementTrees\Sorcerer_FireSavant.xml">
      <Filter>Data Files\EnhancementTrees</Filter>
    </None>
    <None Include="..\Output\EnhancementTrees\Sorcerer_WaterSavant.xml">
      <Filter>Data Files\EnhancementTrees</Filter>
    </None>
    <None Include="..\Output\EnhancementTrees\Artificer_Arcanotechnician.xml">
      <Filter>Data Files\EnhancementTrees</Filter>
    </None>
    <None Include="..\Output\EnhancementTrees\Artificer_BattleEngineer.xml">
      <Filter>Data Files\EnhancementTrees</Filter>
    </None>
    <None Include="..\Output\EnhancementTrees\Barbarian_FrenziedBerserker.xml">
      <Filter>Data Files\EnhancementTrees</Filter>
    </None>
    <None Include="..\Output\EnhancementTrees\Barbarian_OccultSlayer.xml">
      <Filter>Data Files\EnhancementTrees</Filter>
    </None>
    <None Include="..\Output\EnhancementTrees\Barbarian_Ravager.xml">
      <Filter>Data Files\EnhancementTrees</Filter>
    </None>
    <None Include="..\Output\EnhancementTrees\Bard_Spellsinger.xml">
      <Filter>Data Files\EnhancementTrees</Filter>
    </None>
    <None Include="..\Output\EnhancementTrees\Bard_Swashbuckler.xml">
      <Filter>Data Files\EnhancementTrees</Filter>
    </None>
    <None Include="..\Output\EnhancementTrees\Bard_Warchanter.xml">
      <Filter>Data Files\EnhancementTrees</Filter>
    </None>
    <None Include="..\Output\EnhancementTrees\BlankTree_testsave.xml">
      <Filter>Data Files\EnhancementTrees</Filter>
    </None>
    <None Include="..\Output\EnhancementTrees\Cleric_DivineDisciple.xml">
      <Filter>Data Files\EnhancementTrees</Filter>
    </None>
    <None Include="..\Output\EnhancementTrees\Druid_NaturesWarrior.xml">
      <Filter>Data Files\EnhancementTrees</Filter>
    </None>
    <None Include="..\Output\EnhancementTrees\Druid_SeasonsHerald.xml">
      <Filter>Data Files\EnhancementTrees</Filter>
    </None>
    <None Include="..\Output\EnhancementTrees\FavoredSoul_AngelOfVengeance.xml">
      <Filter>Data Files\EnhancementTrees</Filter>
    </None>
    <None Include="..\Output\EnhancementTrees\Fighter_Kensei.xml">
      <Filter>Data Files\EnhancementTrees</Filter>
    </None>
    <None Include="..\Output\EnhancementTrees\Fighter_StalwartDefender.xml">
      <Filter>Data Files\EnhancementTrees</Filter>
    </None>
    <None Include="..\Output\EnhancementTrees\Harper_Agent.xml">
      <Filter>Data Files\EnhancementTrees</Filter>
    </None>
    <None Include="..\Output\EnhancementTrees\Human.xml">
      <Filter>Data Files\EnhancementTrees</Filter>
    </None>
    <None Include="..\Output\EnhancementTrees\Ranger_DeepwoodStalker.xml">
      <Filter>Data Files\EnhancementTrees</Filter>
    </None>
    <None Include="..\Output\EnhancementTrees\Ranger_Tempest.xml">
      <Filter>Data Files\EnhancementTrees</Filter>
    </None>
    <None Include="..\Output\EnhancementTrees\Rogue_Assassin.xml">
      <Filter>Data Files\EnhancementTrees</Filter>
    </None>
    <None Include="..\Output\EnhancementTrees\Rogue_Mechanic.xml">
      <Filter>Data Files\EnhancementTrees</Filter>
    </None>
    <None Include="..\Output\EnhancementTrees\Rogue_ThiefAcrobat.xml">
      <Filter>Data Files\EnhancementTrees</Filter>
    </None>
    <None Include="..\Output\EnhancementTrees\Vanguard.xml">
      <Filter>Data Files\EnhancementTrees</Filter>
    </None>
    <None Include="..\Output\EnhancementTrees\EldritchKnight.xml">
      <Filter>Data Files\EnhancementTrees</Filter>
    </None>
    <None Include="..\Output\EpicDestinies\UnyieldingSentinel.xml">
      <Filter>Data Files\EpicDestinyTrees</Filter>
    </None>
    <None Include="..\Output\Augments.xml">
      <Filter>Data Files</Filter>
    </None>
    <None Include="Change History.txt" />
  </ItemGroup>
  <ItemGroup>
    <ClInclude Include="DDOCP.h">
      <Filter>Header Files</Filter>
    </ClInclude>
    <ClInclude Include="stdafx.h">
      <Filter>Header Files</Filter>
    </ClInclude>
    <ClInclude Include="targetver.h">
      <Filter>Header Files</Filter>
    </ClInclude>
    <ClInclude Include="MainFrm.h">
      <Filter>Header Files</Filter>
    </ClInclude>
    <ClInclude Include="ChildFrm.h">
      <Filter>Header Files</Filter>
    </ClInclude>
    <ClInclude Include="DDOCPDoc.h">
      <Filter>Header Files</Filter>
    </ClInclude>
    <ClInclude Include="Resource.h">
      <Filter>Header Files</Filter>
    </ClInclude>
    <ClInclude Include="AboutDlg.h">
      <Filter>Header Files</Filter>
    </ClInclude>
    <ClInclude Include="CriticalSection.h">
      <Filter>Header Files</Filter>
    </ClInclude>
    <ClInclude Include="CustomContextMenuManager.h">
      <Filter>Header Files</Filter>
    </ClInclude>
    <ClInclude Include="CustomDockablePane.h">
      <Filter>Header Files</Filter>
    </ClInclude>
    <ClInclude Include="ObserverSubject.h">
      <Filter>Header Files</Filter>
    </ClInclude>
    <ClInclude Include="Dice.h">
      <Filter>DataLayer</Filter>
    </ClInclude>
    <ClInclude Include="Feat.h">
      <Filter>DataLayer</Filter>
    </ClInclude>
    <ClInclude Include="FeatsFile.h">
      <Filter>Header Files</Filter>
    </ClInclude>
    <ClInclude Include="Requirement.h">
      <Filter>DataLayer</Filter>
    </ClInclude>
    <ClInclude Include="Requirements.h">
      <Filter>DataLayer</Filter>
    </ClInclude>
    <ClInclude Include="..\BuildInfo.h">
      <Filter>Header Files</Filter>
    </ClInclude>
    <ClInclude Include="RequiresOneOf.h">
      <Filter>DataLayer</Filter>
    </ClInclude>
    <ClInclude Include="AutomaticAcquisition.h">
      <Filter>DataLayer</Filter>
    </ClInclude>
    <ClInclude Include="AbilitySpend.h">
      <Filter>DataLayer</Filter>
    </ClInclude>
    <ClInclude Include="Character.h">
      <Filter>DataLayer</Filter>
    </ClInclude>
    <ClInclude Include="RequiresNoneOf.h">
      <Filter>DataLayer</Filter>
    </ClInclude>
    <ClInclude Include="FeatSelectionDialog.h">
      <Filter>Header Files</Filter>
    </ClInclude>
    <ClInclude Include="TrainedFeat.h">
      <Filter>DataLayer</Filter>
    </ClInclude>
    <ClInclude Include="GlobalSupportFunctions.h">
      <Filter>Header Files</Filter>
    </ClInclude>
    <ClInclude Include="SortHeaderCtrl.h">
      <Filter>Header Files</Filter>
    </ClInclude>
    <ClInclude Include="SkillTomes.h">
      <Filter>DataLayer</Filter>
    </ClInclude>
    <ClInclude Include="LevelTraining.h">
      <Filter>DataLayer</Filter>
    </ClInclude>
    <ClInclude Include="TrainedSkill.h">
      <Filter>DataLayer</Filter>
    </ClInclude>
    <ClInclude Include="FeatGroup.h">
      <Filter>DataLayer</Filter>
    </ClInclude>
    <ClInclude Include="FeatsListObject.h">
      <Filter>DataLayer</Filter>
    </ClInclude>
    <ClInclude Include="ActiveStanceDialog.h">
      <Filter>Header Files</Filter>
    </ClInclude>
    <ClInclude Include="ActiveStances.h">
      <Filter>DataLayer</Filter>
    </ClInclude>
    <ClInclude Include="Stance.h">
      <Filter>DataLayer</Filter>
    </ClInclude>
    <ClInclude Include="Effect.h">
      <Filter>DataLayer</Filter>
    </ClInclude>
    <ClInclude Include="EnhancementSelection.h">
      <Filter>DataLayer</Filter>
    </ClInclude>
    <ClInclude Include="EnhancementsFile.h">
      <Filter>DataLayer</Filter>
    </ClInclude>
    <ClInclude Include="EnhancementTreeItem.h">
      <Filter>DataLayer</Filter>
    </ClInclude>
    <ClInclude Include="EnhancementTree.h">
      <Filter>DataLayer</Filter>
    </ClInclude>
    <ClInclude Include="Selector.h">
      <Filter>DataLayer</Filter>
    </ClInclude>
    <ClInclude Include="SelectorExclusion.h">
      <Filter>DataLayer</Filter>
    </ClInclude>
    <ClInclude Include="SelectorExclusions.h">
      <Filter>DataLayer</Filter>
    </ClInclude>
    <ClInclude Include="EnhancementTreeDialog.h">
      <Filter>Header Files</Filter>
    </ClInclude>
    <ClInclude Include="TrainedEnhancement.h">
      <Filter>DataLayer</Filter>
    </ClInclude>
    <ClInclude Include="SelectionSelectDialog.h">
      <Filter>Header Files</Filter>
    </ClInclude>
    <ClInclude Include="EnhancementSpendInTree.h">
      <Filter>DataLayer</Filter>
    </ClInclude>
    <ClInclude Include="InfoTip.h">
      <Filter>Header Files</Filter>
    </ClInclude>
    <ClInclude Include="MFCButtonMMRelay.h">
      <Filter>Header Files</Filter>
    </ClInclude>
    <ClInclude Include="SelectedEnhancementTrees.h">
      <Filter>DataLayer</Filter>
    </ClInclude>
    <ClInclude Include="EnhancementEditorDialog.h">
      <Filter>Header Files</Filter>
    </ClInclude>
    <ClInclude Include="TreeListCtrl.h">
      <Filter>Header Files</Filter>
    </ClInclude>
    <ClInclude Include="TreeListHeaderCtrl.h">
      <Filter>Header Files</Filter>
    </ClInclude>
    <ClInclude Include="MemoryDC.h">
      <Filter>Header Files</Filter>
    </ClInclude>
    <ClInclude Include="GroupLine.h">
      <Filter>Header Files</Filter>
    </ClInclude>
    <ClInclude Include="ActiveEffect.h">
      <Filter>Header Files</Filter>
    </ClInclude>
    <ClInclude Include="BreakdownTypes.h">
      <Filter>Header Files</Filter>
    </ClInclude>
    <ClInclude Include="RaceTypes.h">
      <Filter>DataLayer</Filter>
    </ClInclude>
    <ClInclude Include="Item.h">
      <Filter>DataLayer</Filter>
    </ClInclude>
    <ClInclude Include="EquipmentSlot.h">
      <Filter>DataLayer</Filter>
    </ClInclude>
    <ClInclude Include="Augment.h">
      <Filter>DataLayer</Filter>
    </ClInclude>
    <ClInclude Include="AbilityTypes.h">
      <Filter>DataLayer\Types</Filter>
    </ClInclude>
    <ClInclude Include="AlignmentTypes.h">
      <Filter>DataLayer\Types</Filter>
    </ClInclude>
    <ClInclude Include="AugmentTypes.h">
      <Filter>DataLayer\Types</Filter>
    </ClInclude>
    <ClInclude Include="ClassTypes.h">
      <Filter>DataLayer\Types</Filter>
    </ClInclude>
    <ClInclude Include="DamageReductionTypes.h">
      <Filter>DataLayer\Types</Filter>
    </ClInclude>
    <ClInclude Include="EnergyTypes.h">
      <Filter>DataLayer\Types</Filter>
    </ClInclude>
    <ClInclude Include="FavoredEnemyTypes.h">
      <Filter>DataLayer\Types</Filter>
    </ClInclude>
    <ClInclude Include="FeatTypes.h">
      <Filter>DataLayer\Types</Filter>
    </ClInclude>
    <ClInclude Include="GroupTypes.h">
      <Filter>DataLayer\Types</Filter>
    </ClInclude>
    <ClInclude Include="ImmunityTypes.h">
      <Filter>DataLayer\Types</Filter>
    </ClInclude>
    <ClInclude Include="MeleeStyleTypes.h">
      <Filter>DataLayer\Types</Filter>
    </ClInclude>
    <ClInclude Include="SkillTypes.h">
      <Filter>DataLayer\Types</Filter>
    </ClInclude>
    <ClInclude Include="SpellSchoolTypes.h">
      <Filter>DataLayer\Types</Filter>
    </ClInclude>
    <ClInclude Include="TacticalTypes.h">
      <Filter>DataLayer\Types</Filter>
    </ClInclude>
    <ClInclude Include="WeaponClassTypes.h">
      <Filter>DataLayer\Types</Filter>
    </ClInclude>
    <ClInclude Include="WeaponDamageTypes.h">
      <Filter>DataLayer\Types</Filter>
    </ClInclude>
    <ClInclude Include="WeaponTypes.h">
      <Filter>DataLayer\Types</Filter>
    </ClInclude>
    <ClInclude Include="EquippedGear.h">
      <Filter>DataLayer</Filter>
    </ClInclude>
    <ClInclude Include="BreakdownItem.h">
      <Filter>Breakdowns</Filter>
    </ClInclude>
    <ClInclude Include="BreakdownItemSave.h">
      <Filter>Breakdowns</Filter>
    </ClInclude>
    <ClInclude Include="BreakdownItemSpellSchool.h">
      <Filter>Breakdowns</Filter>
    </ClInclude>
    <ClInclude Include="BreakdownItemSpellPower.h">
      <Filter>Breakdowns</Filter>
    </ClInclude>
    <ClInclude Include="BreakdownItemSimple.h">
      <Filter>Breakdowns</Filter>
    </ClInclude>
    <ClInclude Include="BreakdownItemHitpoints.h">
      <Filter>Breakdowns</Filter>
    </ClInclude>
    <ClInclude Include="BreakdownItemAbility.h">
      <Filter>Breakdowns</Filter>
    </ClInclude>
    <ClInclude Include="BreakdownItemSkill.h">
      <Filter>Breakdowns</Filter>
    </ClInclude>
    <ClInclude Include="BreakdownItemEnergyResistance.h">
      <Filter>Breakdowns</Filter>
    </ClInclude>
    <ClInclude Include="BreakdownItemEnergyAbsorption.h">
      <Filter>Breakdowns</Filter>
    </ClInclude>
    <ClInclude Include="BreakdownItemWeaponAttackBonus.h">
      <Filter>Breakdowns</Filter>
    </ClInclude>
    <ClInclude Include="BreakdownItemWeaponDamageBonus.h">
      <Filter>Breakdowns</Filter>
    </ClInclude>
    <ClInclude Include="BreakdownItemWeapon.h">
      <Filter>Breakdowns</Filter>
    </ClInclude>
    <ClInclude Include="SaveTypes.h">
      <Filter>DataLayer\Types</Filter>
    </ClInclude>
    <ClInclude Include="BreakdownsView.h">
      <Filter>Views</Filter>
    </ClInclude>
    <ClInclude Include="DDOCPView.h">
      <Filter>Views</Filter>
    </ClInclude>
    <ClInclude Include="EnhancementsView.h">
      <Filter>Views</Filter>
    </ClInclude>
    <ClInclude Include="EpicDestiniesView.h">
      <Filter>Views</Filter>
    </ClInclude>
    <ClInclude Include="EquipmentView.h">
      <Filter>Views</Filter>
    </ClInclude>
    <ClInclude Include="LevelUpView.h">
      <Filter>Views</Filter>
    </ClInclude>
    <ClInclude Include="ReaperEnhancementsView.h">
      <Filter>Views</Filter>
    </ClInclude>
    <ClInclude Include="SpecialFeatsView.h">
      <Filter>Views</Filter>
    </ClInclude>
    <ClInclude Include="SpellsView.h">
      <Filter>Views</Filter>
    </ClInclude>
    <ClInclude Include="SpellsPage.h">
      <Filter>Views</Filter>
    </ClInclude>
    <ClInclude Include="SpellTip.h">
      <Filter>Header Files</Filter>
    </ClInclude>
    <ClInclude Include="Spell.h">
      <Filter>DataLayer</Filter>
    </ClInclude>
    <ClInclude Include="SpellsControl.h">
      <Filter>Header Files</Filter>
    </ClInclude>
    <ClInclude Include="SpellsFile.h">
      <Filter>Header Files</Filter>
    </ClInclude>
    <ClInclude Include="ItemEditorDialog.h">
      <Filter>Header Files</Filter>
    </ClInclude>
    <ClInclude Include="TrainedSpell.h">
      <Filter>DataLayer</Filter>
    </ClInclude>
    <ClInclude Include="BreakdownItemSpellPoints.h">
      <Filter>Breakdowns</Filter>
    </ClInclude>
    <ClInclude Include="ReaperSpendInTree.h">
      <Filter>DataLayer</Filter>
    </ClInclude>
    <ClInclude Include="DestinyTreeDialog.h">
      <Filter>Header Files</Filter>
    </ClInclude>
    <ClInclude Include="EpicDestinySpendInTree.h">
      <Filter>DataLayer</Filter>
    </ClInclude>
    <ClInclude Include="TwistOfFateDialog.h">
      <Filter>Source Files</Filter>
    </ClInclude>
    <ClInclude Include="TwistOfFate.h">
      <Filter>DataLayer</Filter>
    </ClInclude>
    <ClInclude Include="InventorySlotTypes.h">
      <Filter>DataLayer\Types</Filter>
    </ClInclude>
    <ClInclude Include="InventoryDialog.h">
      <Filter>Header Files</Filter>
    </ClInclude>
    <ClInclude Include="ItemsFile.h">
      <Filter>Source Files</Filter>
    </ClInclude>
    <ClInclude Include="GearSetNameDialog.h">
      <Filter>Header Files</Filter>
    </ClInclude>
    <ClInclude Include="EnhancementSelectionButton.h">
      <Filter>Header Files</Filter>
    </ClInclude>
    <ClInclude Include="StancesView.h">
      <Filter>Views</Filter>
    </ClInclude>
    <ClInclude Include="StanceButton.h">
      <Filter>Header Files</Filter>
    </ClInclude>
    <ClInclude Include="BreakdownItemCasterLevel.h">
      <Filter>Breakdowns</Filter>
    </ClInclude>
    <ClInclude Include="BreakdownItemTactical.h">
      <Filter>Breakdowns</Filter>
    </ClInclude>
    <ClInclude Include="ItemSelectDialog.h">
      <Filter>Header Files</Filter>
    </ClInclude>
    <ClInclude Include="ItemAugment.h">
      <Filter>DataLayer</Filter>
    </ClInclude>
    <ClInclude Include="AugmentsFile.h">
      <Filter>Header Files</Filter>
    </ClInclude>
    <ClInclude Include="LocalSettingsStore.h">
      <Filter>Header Files</Filter>
    </ClInclude>
    <ClInclude Include="SpellPowerTypes.h">
      <Filter>DataLayer\Types</Filter>
    </ClInclude>
    <ClInclude Include="BonusTypes.h">
      <Filter>DataLayer\Types</Filter>
    </ClInclude>
  </ItemGroup>
  <ItemGroup>
    <ClCompile Include="DDOCP.cpp">
      <Filter>Source Files</Filter>
    </ClCompile>
    <ClCompile Include="stdafx.cpp">
      <Filter>Source Files</Filter>
    </ClCompile>
    <ClCompile Include="MainFrm.cpp">
      <Filter>Source Files</Filter>
    </ClCompile>
    <ClCompile Include="ChildFrm.cpp">
      <Filter>Source Files</Filter>
    </ClCompile>
    <ClCompile Include="DDOCPDoc.cpp">
      <Filter>Source Files</Filter>
    </ClCompile>
    <ClCompile Include="AboutDlg.cpp">
      <Filter>Source Files</Filter>
    </ClCompile>
    <ClCompile Include="CriticalSection.cpp">
      <Filter>Source Files</Filter>
    </ClCompile>
    <ClCompile Include="CustomContextMenuManager.cpp">
      <Filter>Source Files</Filter>
    </ClCompile>
    <ClCompile Include="CustomDockablePane.cpp">
      <Filter>Source Files</Filter>
    </ClCompile>
    <ClCompile Include="ObserverSubject.cpp">
      <Filter>Source Files</Filter>
    </ClCompile>
    <ClCompile Include="Dice.cpp">
      <Filter>DataLayer</Filter>
    </ClCompile>
    <ClCompile Include="Feat.cpp">
      <Filter>DataLayer</Filter>
    </ClCompile>
    <ClCompile Include="FeatsFile.cpp">
      <Filter>Source Files</Filter>
    </ClCompile>
    <ClCompile Include="Requirement.cpp">
      <Filter>DataLayer</Filter>
    </ClCompile>
    <ClCompile Include="Requirements.cpp">
      <Filter>DataLayer</Filter>
    </ClCompile>
    <ClCompile Include="RequiresOneOf.cpp">
      <Filter>DataLayer</Filter>
    </ClCompile>
    <ClCompile Include="AutomaticAcquisition.cpp">
      <Filter>DataLayer</Filter>
    </ClCompile>
    <ClCompile Include="AbilitySpend.cpp">
      <Filter>DataLayer</Filter>
    </ClCompile>
    <ClCompile Include="Character.cpp">
      <Filter>DataLayer</Filter>
    </ClCompile>
    <ClCompile Include="RequiresNoneOf.cpp">
      <Filter>DataLayer</Filter>
    </ClCompile>
    <ClCompile Include="FeatSelectionDialog.cpp">
      <Filter>Source Files</Filter>
    </ClCompile>
    <ClCompile Include="TrainedFeat.cpp">
      <Filter>DataLayer</Filter>
    </ClCompile>
    <ClCompile Include="GlobalSupportFunctions.cpp">
      <Filter>Source Files</Filter>
    </ClCompile>
    <ClCompile Include="SortHeaderCtrl.cpp">
      <Filter>Source Files</Filter>
    </ClCompile>
    <ClCompile Include="SkillTomes.cpp">
      <Filter>DataLayer</Filter>
    </ClCompile>
    <ClCompile Include="LevelTraining.cpp">
      <Filter>DataLayer</Filter>
    </ClCompile>
    <ClCompile Include="TrainedSkill.cpp">
      <Filter>DataLayer</Filter>
    </ClCompile>
    <ClCompile Include="FeatGroup.cpp">
      <Filter>DataLayer</Filter>
    </ClCompile>
    <ClCompile Include="FeatsListObject.cpp">
      <Filter>DataLayer</Filter>
    </ClCompile>
    <ClCompile Include="ActiveStanceDialog.cpp">
      <Filter>Source Files</Filter>
    </ClCompile>
    <ClCompile Include="ActiveStances.cpp">
      <Filter>DataLayer</Filter>
    </ClCompile>
    <ClCompile Include="Stance.cpp">
      <Filter>DataLayer</Filter>
    </ClCompile>
    <ClCompile Include="Effect.cpp">
      <Filter>DataLayer</Filter>
    </ClCompile>
    <ClCompile Include="EnhancementSelection.cpp">
      <Filter>DataLayer</Filter>
    </ClCompile>
    <ClCompile Include="EnhancementsFile.cpp">
      <Filter>DataLayer</Filter>
    </ClCompile>
    <ClCompile Include="EnhancementTreeItem.cpp">
      <Filter>DataLayer</Filter>
    </ClCompile>
    <ClCompile Include="EnhancementTree.cpp">
      <Filter>DataLayer</Filter>
    </ClCompile>
    <ClCompile Include="Selector.cpp">
      <Filter>DataLayer</Filter>
    </ClCompile>
    <ClCompile Include="SelectorExclusions.cpp">
      <Filter>DataLayer</Filter>
    </ClCompile>
    <ClCompile Include="SelectorExclusion.cpp">
      <Filter>DataLayer</Filter>
    </ClCompile>
    <ClCompile Include="EnhancementTreeDialog.cpp">
      <Filter>Source Files</Filter>
    </ClCompile>
    <ClCompile Include="TrainedEnhancement.cpp">
      <Filter>DataLayer</Filter>
    </ClCompile>
    <ClCompile Include="SelectionSelectDialog.cpp">
      <Filter>Source Files</Filter>
    </ClCompile>
    <ClCompile Include="EnhancementSpendInTree.cpp">
      <Filter>DataLayer</Filter>
    </ClCompile>
    <ClCompile Include="InfoTip.cpp">
      <Filter>Source Files</Filter>
    </ClCompile>
    <ClCompile Include="MFCButtonMMRelay.cpp">
      <Filter>Source Files</Filter>
    </ClCompile>
    <ClCompile Include="SelectedEnhancementTrees.cpp">
      <Filter>DataLayer</Filter>
    </ClCompile>
    <ClCompile Include="EnhancementEditorDialog.cpp">
      <Filter>Source Files</Filter>
    </ClCompile>
    <ClCompile Include="MemoryDC.cpp">
      <Filter>Source Files</Filter>
    </ClCompile>
    <ClCompile Include="TreeListHeaderCtrl.cpp">
      <Filter>Source Files</Filter>
    </ClCompile>
    <ClCompile Include="TreeListCtrl.cpp">
      <Filter>Source Files</Filter>
    </ClCompile>
    <ClCompile Include="GroupLine.cpp">
      <Filter>Source Files</Filter>
    </ClCompile>
    <ClCompile Include="ActiveEffect.cpp">
      <Filter>Source Files</Filter>
    </ClCompile>
    <ClCompile Include="Item.cpp">
      <Filter>DataLayer</Filter>
    </ClCompile>
    <ClCompile Include="EquipmentSlot.cpp">
      <Filter>DataLayer</Filter>
    </ClCompile>
    <ClCompile Include="Augment.cpp">
      <Filter>DataLayer</Filter>
    </ClCompile>
    <ClCompile Include="EquippedGear.cpp">
      <Filter>DataLayer</Filter>
    </ClCompile>
    <ClCompile Include="ItemEditorDialog.cpp">
      <Filter>Source Files</Filter>
    </ClCompile>
    <ClCompile Include="BreakdownItem.cpp">
      <Filter>Breakdowns</Filter>
    </ClCompile>
    <ClCompile Include="BreakdownItemSave.cpp">
      <Filter>Breakdowns</Filter>
    </ClCompile>
    <ClCompile Include="BreakdownItemSpellSchool.cpp">
      <Filter>Breakdowns</Filter>
    </ClCompile>
    <ClCompile Include="BreakdownItemSpellPower.cpp">
      <Filter>Breakdowns</Filter>
    </ClCompile>
    <ClCompile Include="BreakdownItemSimple.cpp">
      <Filter>Breakdowns</Filter>
    </ClCompile>
    <ClCompile Include="BreakdownItemHitpoints.cpp">
      <Filter>Breakdowns</Filter>
    </ClCompile>
    <ClCompile Include="BreakdownItemAbility.cpp">
      <Filter>Breakdowns</Filter>
    </ClCompile>
    <ClCompile Include="BreakdownItemSkill.cpp">
      <Filter>Breakdowns</Filter>
    </ClCompile>
    <ClCompile Include="BreakdownItemEnergyResistance.cpp">
      <Filter>Breakdowns</Filter>
    </ClCompile>
    <ClCompile Include="BreakdownItemEnergyAbsorption.cpp">
      <Filter>Breakdowns</Filter>
    </ClCompile>
    <ClCompile Include="BreakdownItemWeaponAttackBonus.cpp">
      <Filter>Breakdowns</Filter>
    </ClCompile>
    <ClCompile Include="BreakdownItemWeaponDamageBonus.cpp">
      <Filter>Breakdowns</Filter>
    </ClCompile>
    <ClCompile Include="BreakdownItemWeapon.cpp">
      <Filter>Breakdowns</Filter>
    </ClCompile>
    <ClCompile Include="BreakdownsView.cpp">
      <Filter>Views</Filter>
    </ClCompile>
    <ClCompile Include="DDOCPView.cpp">
      <Filter>Views</Filter>
    </ClCompile>
    <ClCompile Include="EnhancementsView.cpp">
      <Filter>Views</Filter>
    </ClCompile>
    <ClCompile Include="EpicDestiniesView.cpp">
      <Filter>Views</Filter>
    </ClCompile>
    <ClCompile Include="EquipmentView.cpp">
      <Filter>Views</Filter>
    </ClCompile>
    <ClCompile Include="LevelUpView.cpp">
      <Filter>Views</Filter>
    </ClCompile>
    <ClCompile Include="ReaperEnhancementsView.cpp">
      <Filter>Views</Filter>
    </ClCompile>
    <ClCompile Include="SpecialFeatsView.cpp">
      <Filter>Views</Filter>
    </ClCompile>
    <ClCompile Include="SpellsView.cpp">
      <Filter>Views</Filter>
    </ClCompile>
    <ClCompile Include="SpellsPage.cpp">
      <Filter>Views</Filter>
    </ClCompile>
    <ClCompile Include="SpellsControl.cpp">
      <Filter>Source Files</Filter>
    </ClCompile>
    <ClCompile Include="SpellTip.cpp">
      <Filter>Source Files</Filter>
    </ClCompile>
    <ClCompile Include="Spell.cpp">
      <Filter>DataLayer</Filter>
    </ClCompile>
    <ClCompile Include="SpellsFile.cpp">
      <Filter>Source Files</Filter>
    </ClCompile>
    <ClCompile Include="TrainedSpell.cpp">
      <Filter>DataLayer</Filter>
    </ClCompile>
    <ClCompile Include="BreakdownItemSpellPoints.cpp">
      <Filter>Breakdowns</Filter>
    </ClCompile>
    <ClCompile Include="ReaperSpendInTree.cpp">
      <Filter>DataLayer</Filter>
    </ClCompile>
    <ClCompile Include="DestinyTreeDialog.cpp">
      <Filter>Source Files</Filter>
    </ClCompile>
    <ClCompile Include="EpicDestinySpendInTree.cpp">
      <Filter>DataLayer</Filter>
    </ClCompile>
    <ClCompile Include="TwistOfFateDialog.cpp">
      <Filter>Source Files</Filter>
    </ClCompile>
    <ClCompile Include="TwistOfFate.cpp">
      <Filter>DataLayer</Filter>
    </ClCompile>
    <ClCompile Include="InventoryDialog.cpp">
      <Filter>Source Files</Filter>
    </ClCompile>
    <ClCompile Include="ItemsFile.cpp">
      <Filter>Source Files</Filter>
    </ClCompile>
    <ClCompile Include="GearSetNameDialog.cpp">
      <Filter>Source Files</Filter>
    </ClCompile>
    <ClCompile Include="EnhancementSelectionButton.cpp">
      <Filter>Source Files</Filter>
    </ClCompile>
    <ClCompile Include="StancesView.cpp">
      <Filter>Views</Filter>
    </ClCompile>
    <ClCompile Include="StanceButton.cpp">
      <Filter>Source Files</Filter>
    </ClCompile>
    <ClCompile Include="BreakdownItemCasterLevel.cpp">
      <Filter>Breakdowns</Filter>
    </ClCompile>
    <ClCompile Include="BreakdownItemTactical.cpp">
      <Filter>Breakdowns</Filter>
    </ClCompile>
    <ClCompile Include="ItemSelectDialog.cpp">
      <Filter>Source Files</Filter>
    </ClCompile>
    <ClCompile Include="ItemAugment.cpp">
      <Filter>DataLayer</Filter>
    </ClCompile>
    <ClCompile Include="AugmentsFile.cpp">
      <Filter>Source Files</Filter>
    </ClCompile>
    <ClCompile Include="LocalSettingsStore.cpp">
      <Filter>Source Files</Filter>
    </ClCompile>
  </ItemGroup>
  <ItemGroup>
    <ResourceCompile Include="DDOCP.rc">
      <Filter>Resource Files</Filter>
    </ResourceCompile>
  </ItemGroup>
</Project>