
Microsoft Visual Studio Solution File, Format Version 11.00
# Visual Studio 2010
Project("{8BC9CEB8-8B4A-11D0-8D11-00A0C91BC942}") = "CppUnitTest", "Test\CppUnitTest\CppUnitTest.vcxproj", "{F97E752E-5FD0-D036-C08C-2883FABECF17}"
	ProjectSection(ProjectDependencies) = postProject
		{3C11B992-4F0C-1A00-8684-A2226AB8C6C6} = {3C11B992-4F0C-1A00-8684-A2226AB8C6C6}
	EndProjectSection
EndProject
Project("{8BC9CEB8-8B4A-11D0-8D11-00A0C91BC942}") = "XmlLib", "Src\XmlLib.vcxproj", "{3C11B992-4F0C-1A00-8684-A2226AB8C6C6}"
EndProject
Global
	GlobalSection(SolutionConfigurationPlatforms) = preSolution
		Debug Console|Win32 = Debug Console|Win32
		Debug|Win32 = Debug|Win32
		Release Console|Win32 = Release Console|Win32
		Release|Win32 = Release|Win32
	EndGlobalSection
	GlobalSection(ProjectConfigurationPlatforms) = postSolution
		{F97E752E-5FD0-D036-C08C-2883FABECF17}.Debug Console|Win32.ActiveCfg = Debug Console|Win32
		{F97E752E-5FD0-D036-C08C-2883FABECF17}.Debug Console|Win32.Build.0 = Debug Console|Win32
		{F97E752E-5FD0-D036-C08C-2883FABECF17}.Debug|Win32.ActiveCfg = Debug|Win32
		{F97E752E-5FD0-D036-C08C-2883FABECF17}.Debug|Win32.Build.0 = Debug|Win32
		{F97E752E-5FD0-D036-C08C-2883FABECF17}.Release Console|Win32.ActiveCfg = Release Console|Win32
		{F97E752E-5FD0-D036-C08C-2883FABECF17}.Release Console|Win32.Build.0 = Release Console|Win32
		{F97E752E-5FD0-D036-C08C-2883FABECF17}.Release|Win32.ActiveCfg = Release|Win32
		{F97E752E-5FD0-D036-C08C-2883FABECF17}.Release|Win32.Build.0 = Release|Win32
		{3C11B992-4F0C-1A00-8684-A2226AB8C6C6}.Debug Console|Win32.ActiveCfg = Debug|Win32
		{3C11B992-4F0C-1A00-8684-A2226AB8C6C6}.Debug Console|Win32.Build.0 = Debug|Win32
		{3C11B992-4F0C-1A00-8684-A2226AB8C6C6}.Debug|Win32.ActiveCfg = Debug|Win32
		{3C11B992-4F0C-1A00-8684-A2226AB8C6C6}.Debug|Win32.Build.0 = Debug|Win32
		{3C11B992-4F0C-1A00-8684-A2226AB8C6C6}.Release Console|Win32.ActiveCfg = Release|Win32
		{3C11B992-4F0C-1A00-8684-A2226AB8C6C6}.Release Console|Win32.Build.0 = Release|Win32
		{3C11B992-4F0C-1A00-8684-A2226AB8C6C6}.Release|Win32.ActiveCfg = Release|Win32
		{3C11B992-4F0C-1A00-8684-A2226AB8C6C6}.Release|Win32.Build.0 = Release|Win32
	EndGlobalSection
	GlobalSection(SolutionProperties) = preSolution
		HideSolutionNode = FALSE
	EndGlobalSection
EndGlobal
